
Microsoft Visual Studio Solution File, Format Version 12.00
# Visual Studio Version 16
VisualStudioVersion = 16.0.29306.81
MinimumVisualStudioVersion = 10.0.40219.1
Project("{9A19103F-16F7-4668-BE54-9A1E7A4F7556}") = "EmployeeManagement", "EmployeeManagement\EmployeeManagement.csproj", "{09F78FCB-6F52-401D-B1BA-1A4AC2FF3948}"
EndProject
Global
	GlobalSection(SolutionConfigurationPlatforms) = preSolution
		Debug|Any CPU = Debug|Any CPU
		Release|Any CPU = Release|Any CPU
	EndGlobalSection
	GlobalSection(ProjectConfigurationPlatforms) = postSolution
		{09F78FCB-6F52-401D-B1BA-1A4AC2FF3948}.Debug|Any CPU.ActiveCfg = Debug|Any CPU
		{09F78FCB-6F52-401D-B1BA-1A4AC2FF3948}.Debug|Any CPU.Build.0 = Debug|Any CPU
		{09F78FCB-6F52-401D-B1BA-1A4AC2FF3948}.Release|Any CPU.ActiveCfg = Release|Any CPU
		{09F78FCB-6F52-401D-B1BA-1A4AC2FF3948}.Release|Any CPU.Build.0 = Release|Any CPU
	EndGlobalSection
	GlobalSection(SolutionProperties) = preSolution
		HideSolutionNode = FALSE
	EndGlobalSection
	GlobalSection(ExtensibilityGlobals) = postSolution
		SolutionGuid = {60D354B0-567D-4094-A494-408055F5D524}
	EndGlobalSection
EndGlobal
